<?xml version="1.0" encoding="utf-8"?>
<Project ToolsVersion="4.0" xmlns="http://schemas.microsoft.com/developer/msbuild/2003">
  <ItemGroup>
    <Filter Include="Source Files">
      <UniqueIdentifier>{4FC737F1-C7A5-4376-A066-2A32D752A2FF}</UniqueIdentifier>
      <Extensions>cpp;c;cc;cxx;def;odl;idl;hpj;bat;asm;asmx</Extensions>
    </Filter>
    <Filter Include="Header Files">
      <UniqueIdentifier>{93995380-89BD-4b04-88EB-625FBE52EBFB}</UniqueIdentifier>
      <Extensions>h;hpp;hxx;hm;inl;inc;xsd</Extensions>
    </Filter>
    <Filter Include="Resource Files">
      <UniqueIdentifier>{67DA6AB6-F800-4c08-8B7A-83BB121AAD01}</UniqueIdentifier>
      <Extensions>rc;ico;cur;bmp;dlg;rc2;rct;bin;rgs;gif;jpg;jpeg;jpe;resx;tiff;tif;png;wav;mfcribbon-ms</Extensions>
    </Filter>
    <Filter Include="Header Files\Utility">
      <UniqueIdentifier>{f7696b1b-ef49-4bc3-8b66-2e6ce912e6ac}</UniqueIdentifier>
    </Filter>
    <Filter Include="Source Files\Utility">
      <UniqueIdentifier>{f981068c-3550-4e33-9389-b243979a5140}</UniqueIdentifier>
    </Filter>
    <Filter Include="Header Files\Rendering System">
      <UniqueIdentifier>{22b64a97-f8b0-4e54-85d2-71b79753b137}</UniqueIdentifier>
    </Filter>
    <Filter Include="Source Files\Rendering System">
      <UniqueIdentifier>{17b04df9-3a4f-43af-9a44-d0bac9918494}</UniqueIdentifier>
    </Filter>
    <Filter Include="Source Files\UI">
      <UniqueIdentifier>{1d979e97-2444-44d8-a5bb-b5766504498d}</UniqueIdentifier>
    </Filter>
    <Filter Include="Header Files\UI">
      <UniqueIdentifier>{701519bb-f701-4a29-ba8e-86b13d026c6d}</UniqueIdentifier>
    </Filter>
    <Filter Include="Shaders">
      <UniqueIdentifier>{23f45dbf-740e-4959-b1d7-7823b1535e8d}</UniqueIdentifier>
    </Filter>
    <Filter Include="Source Files\Rendering System\Managers">
      <UniqueIdentifier>{a8e4094e-b4f0-40b4-b73f-799b5d83dda0}</UniqueIdentifier>
    </Filter>
    <Filter Include="Header Files\Rendering System\Managers">
      <UniqueIdentifier>{67dd2806-f6ab-45ad-b546-296f97a75ee5}</UniqueIdentifier>
    </Filter>
    <Filter Include="Shaders\Vertex">
      <UniqueIdentifier>{c722c8fb-22f8-43d9-b61b-748162bbe87d}</UniqueIdentifier>
    </Filter>
    <Filter Include="Shaders\Pixel">
      <UniqueIdentifier>{ee7a0200-14dc-47b9-b0c6-963745c21bf3}</UniqueIdentifier>
    </Filter>
    <Filter Include="Shaders\Headers">
      <UniqueIdentifier>{b9764726-ed30-478c-94de-cb547aebab60}</UniqueIdentifier>
    </Filter>
    <Filter Include="Header Files\Rendering System\Templates">
      <UniqueIdentifier>{5fc17d5b-5b06-4042-b96b-f051cceefef3}</UniqueIdentifier>
    </Filter>
  </ItemGroup>
  <ItemGroup>
    <ClInclude Include="Source\Engine.h">
      <Filter>Header Files</Filter>
    </ClInclude>
    <ClInclude Include="Source\XTime.h">
      <Filter>Header Files\Utility</Filter>
    </ClInclude>
    <ClInclude Include="Source\Precompiled.h">
      <Filter>Header Files\Utility</Filter>
    </ClInclude>
    <ClInclude Include="Source\EngineUI.h">
      <Filter>Header Files\UI</Filter>
    </ClInclude>
    <ClInclude Include="Source\EngineUIManager.h">
      <Filter>Header Files\UI</Filter>
    </ClInclude>
    <ClInclude Include="Source\RenderMesh.h">
      <Filter>Header Files\Rendering System</Filter>
    </ClInclude>
    <ClInclude Include="Source\VertexBuffer.hpp">
      <Filter>Header Files\Rendering System</Filter>
    </ClInclude>
    <ClInclude Include="Source\VertexFormats.h">
      <Filter>Header Files\Rendering System</Filter>
    </ClInclude>
    <ClInclude Include="Source\VertexBufferManager.h">
      <Filter>Header Files\Rendering System\Managers</Filter>
    </ClInclude>
    <ClInclude Include="Source\IndexBuffer.h">
      <Filter>Header Files\Rendering System\Managers</Filter>
    </ClInclude>
    <ClInclude Include="Source\Renderer.h">
      <Filter>Header Files\Rendering System\Managers</Filter>
    </ClInclude>
    <ClInclude Include="Source\MeshDatabase.h">
      <Filter>Header Files\Rendering System\Managers</Filter>
    </ClInclude>
    <ClInclude Include="Source\Camera.h">
      <Filter>Header Files\Rendering System</Filter>
    </ClInclude>
    <ClInclude Include="Source\RenderContext.h">
      <Filter>Header Files\Rendering System</Filter>
    </ClInclude>
    <ClInclude Include="Source\RenderNode.hpp">
      <Filter>Header Files\Rendering System</Filter>
    </ClInclude>
    <ClInclude Include="Source\RenderSet.h">
      <Filter>Header Files\Rendering System</Filter>
    </ClInclude>
    <ClInclude Include="Source\RenderShape.h">
      <Filter>Header Files\Rendering System</Filter>
    </ClInclude>
    <ClInclude Include="Source\ShaderPass.h">
      <Filter>Header Files\Rendering System</Filter>
    </ClInclude>
    <ClInclude Include="Source\ShaderTechnique.h">
      <Filter>Header Files\Rendering System</Filter>
    </ClInclude>
    <ClInclude Include="Source\ConstantBuffers.h">
      <Filter>Shaders\Headers</Filter>
    </ClInclude>
    <ClInclude Include="Source\LightBuffers.h">
      <Filter>Shaders\Headers</Filter>
    </ClInclude>
    <ClInclude Include="Source\ShaderIncludes.h">
      <Filter>Shaders\Headers</Filter>
    </ClInclude>
    <ClInclude Include="Source\Debugger.h">
      <Filter>Header Files\Utility</Filter>
    </ClInclude>
    <ClInclude Include="Source\FPS.h">
      <Filter>Header Files\Utility</Filter>
    </ClInclude>
    <ClInclude Include="Source\Input.h">
      <Filter>Header Files\Utility</Filter>
    </ClInclude>
    <ClInclude Include="Source\IOConsole.h">
      <Filter>Header Files\Utility</Filter>
    </ClInclude>
    <ClInclude Include="Source\Material.h">
      <Filter>Header Files\Rendering System</Filter>
    </ClInclude>
    <ClInclude Include="Source\RenderTarget.h">
      <Filter>Header Files\Rendering System</Filter>
    </ClInclude>
    <ClInclude Include="Source\Texture.h">
      <Filter>Header Files\Rendering System</Filter>
    </ClInclude>
    <ClInclude Include="Source\Texture2D.h">
      <Filter>Header Files\Rendering System</Filter>
    </ClInclude>
    <ClInclude Include="Source\Texture3D.h">
      <Filter>Header Files\Rendering System</Filter>
    </ClInclude>
    <ClInclude Include="Source\TextureDatabase.h">
      <Filter>Header Files\Rendering System\Managers</Filter>
    </ClInclude>
    <ClInclude Include="Source\LightManager.h">
      <Filter>Header Files\Rendering System\Managers</Filter>
    </ClInclude>
    <ClInclude Include="Source\GBuffer.h">
      <Filter>Header Files\Rendering System</Filter>
    </ClInclude>
    <ClInclude Include="Source\BlendStateManager.h">
      <Filter>Header Files\Rendering System\Managers</Filter>
    </ClInclude>
    <ClInclude Include="Source\DepthStencilStateManager.h">
      <Filter>Header Files\Rendering System\Managers</Filter>
    </ClInclude>
    <ClInclude Include="Source\RasterizerStateManager.h">
      <Filter>Header Files\Rendering System\Managers</Filter>
    </ClInclude>
    <ClInclude Include="Source\ConstantBufferTemplate.h">
      <Filter>Header Files\Rendering System\Templates</Filter>
    </ClInclude>
  </ItemGroup>
  <ItemGroup>
    <ClCompile Include="Source\WinMain.cpp">
      <Filter>Source Files</Filter>
    </ClCompile>
    <ClCompile Include="Source\Engine.cpp">
      <Filter>Source Files</Filter>
    </ClCompile>
    <ClCompile Include="Source\Precompiled.cpp">
      <Filter>Source Files\Utility</Filter>
    </ClCompile>
    <ClCompile Include="Source\XTime.cpp">
      <Filter>Source Files\Utility</Filter>
    </ClCompile>
    <ClCompile Include="Source\EngineUI.cpp">
      <Filter>Source Files\UI</Filter>
    </ClCompile>
    <ClCompile Include="Source\EngineUIManager.cpp">
      <Filter>Source Files\UI</Filter>
    </ClCompile>
    <ClCompile Include="Source\RenderMesh.cpp">
      <Filter>Source Files\Rendering System</Filter>
    </ClCompile>
    <ClCompile Include="Source\VertexBufferManager.cpp">
      <Filter>Source Files\Rendering System\Managers</Filter>
    </ClCompile>
    <ClCompile Include="Source\IndexBuffer.cpp">
      <Filter>Source Files\Rendering System\Managers</Filter>
    </ClCompile>
    <ClCompile Include="Source\Renderer.cpp">
      <Filter>Source Files\Rendering System\Managers</Filter>
    </ClCompile>
    <ClCompile Include="Source\MeshDatabase.cpp">
      <Filter>Source Files\Rendering System\Managers</Filter>
    </ClCompile>
    <ClCompile Include="Source\Camera.cpp">
      <Filter>Source Files\Rendering System</Filter>
    </ClCompile>
    <ClCompile Include="Source\RenderContext.cpp">
      <Filter>Source Files\Rendering System</Filter>
    </ClCompile>
    <ClCompile Include="Source\RenderSet.cpp">
      <Filter>Source Files\Rendering System</Filter>
    </ClCompile>
    <ClCompile Include="Source\RenderShape.cpp">
      <Filter>Source Files\Rendering System</Filter>
    </ClCompile>
    <ClCompile Include="Source\ShaderPass.cpp">
      <Filter>Source Files\Rendering System</Filter>
    </ClCompile>
    <ClCompile Include="Source\ShaderTechnique.cpp">
      <Filter>Source Files\Rendering System</Filter>
    </ClCompile>
    <ClCompile Include="Source\Debugger.cpp">
      <Filter>Source Files\Utility</Filter>
    </ClCompile>
    <ClCompile Include="Source\FPS.cpp">
      <Filter>Source Files\Utility</Filter>
    </ClCompile>
    <ClCompile Include="Source\Input.cpp">
      <Filter>Source Files\Utility</Filter>
    </ClCompile>
    <ClCompile Include="Source\IOConsole.cpp">
      <Filter>Source Files\Utility</Filter>
    </ClCompile>
    <ClCompile Include="Source\Material.cpp">
      <Filter>Source Files\Rendering System</Filter>
    </ClCompile>
    <ClCompile Include="Source\RenderTarget.cpp">
      <Filter>Source Files\Rendering System</Filter>
    </ClCompile>
    <ClCompile Include="Source\Texture.cpp">
      <Filter>Source Files\Rendering System</Filter>
    </ClCompile>
    <ClCompile Include="Source\Texture2D.cpp">
      <Filter>Source Files\Rendering System</Filter>
    </ClCompile>
    <ClCompile Include="Source\Texture3D.cpp">
      <Filter>Source Files\Rendering System</Filter>
    </ClCompile>
    <ClCompile Include="Source\TextureDatabase.cpp">
      <Filter>Source Files\Rendering System\Managers</Filter>
    </ClCompile>
    <ClCompile Include="Source\GBuffer.cpp">
      <Filter>Source Files\Rendering System</Filter>
    </ClCompile>
    <ClCompile Include="Source\LightManager.cpp">
      <Filter>Source Files\Rendering System\Managers</Filter>
    </ClCompile>
    <ClCompile Include="Source\BlendStateManager.cpp">
      <Filter>Source Files\Rendering System\Managers</Filter>
    </ClCompile>
    <ClCompile Include="Source\DepthStencilStateManager.cpp">
      <Filter>Source Files\Rendering System\Managers</Filter>
    </ClCompile>
    <ClCompile Include="Source\RasterizerStateManager.cpp">
      <Filter>Source Files\Rendering System\Managers</Filter>
    </ClCompile>
  </ItemGroup>
  <ItemGroup>
    <FxCompile Include="..\Assets\Shaders\Flat2D_VS.hlsl">
      <Filter>Shaders\Vertex</Filter>
    </FxCompile>
    <FxCompile Include="..\Assets\Shaders\Flat2D_PS.hlsl">
      <Filter>Shaders\Pixel</Filter>
    </FxCompile>
    <FxCompile Include="..\Assets\Shaders\Flat3D_VS.hlsl">
      <Filter>Shaders\Vertex</Filter>
    </FxCompile>
    <FxCompile Include="..\Assets\Shaders\Flat3D_PS.hlsl">
      <Filter>Shaders\Pixel</Filter>
    </FxCompile>
    <FxCompile Include="..\Assets\Shaders\Texture2D_PS.hlsl">
      <Filter>Shaders\Pixel</Filter>
    </FxCompile>
    <FxCompile Include="..\Assets\Shaders\Texture3D_PS.hlsl">
      <Filter>Shaders\Pixel</Filter>
    </FxCompile>
    <FxCompile Include="..\Assets\Shaders\Texture2D_VS.hlsl">
      <Filter>Shaders\Vertex</Filter>
    </FxCompile>
    <FxCompile Include="..\Assets\Shaders\Texture3D_VS.hlsl">
      <Filter>Shaders\Vertex</Filter>
    </FxCompile>
    <FxCompile Include="..\Assets\Shaders\FLight_PS.hlsl">
      <Filter>Shaders\Pixel</Filter>
    </FxCompile>
    <FxCompile Include="..\Assets\Shaders\FLight_VS.hlsl">
      <Filter>Shaders\Vertex</Filter>
    </FxCompile>
    <FxCompile Include="..\Assets\Shaders\GBuffer_VS.hlsl">
      <Filter>Shaders\Vertex</Filter>
    </FxCompile>
    <FxCompile Include="..\Assets\Shaders\GBuffer_PS.hlsl">
      <Filter>Shaders\Pixel</Filter>
    </FxCompile>
    <FxCompile Include="..\Assets\Shaders\ViewGBuffer_VS.hlsl">
      <Filter>Shaders\Vertex</Filter>
    </FxCompile>
    <FxCompile Include="..\Assets\Shaders\ViewGBuffer_PS.hlsl">
      <Filter>Shaders\Pixel</Filter>
    </FxCompile>
    <FxCompile Include="..\Assets\Shaders\DeferredDirLight_VS.hlsl">
      <Filter>Shaders\Vertex</Filter>
    </FxCompile>
    <FxCompile Include="..\Assets\Shaders\DeferredDirLight_PS.hlsl">
      <Filter>Shaders\Pixel</Filter>
    </FxCompile>
    <FxCompile Include="..\Assets\Shaders\DeferredPointLight_VS.hlsl">
      <Filter>Shaders\Vertex</Filter>
    </FxCompile>
    <FxCompile Include="..\Assets\Shaders\DeferredPointLight_PS.hlsl">
      <Filter>Shaders\Pixel</Filter>
    </FxCompile>
  </ItemGroup>
  <ItemGroup>
    <None Include="..\Assets\Shaders\LightingSupport.hlsli">
      <Filter>Shaders\Headers</Filter>
    </None>
    <None Include="..\Assets\Shaders\TexturesAndSamplers.hlsli">
      <Filter>Shaders\Headers</Filter>
    </None>
  </ItemGroup>
</Project>